
Microsoft Visual Studio Solution File, Format Version 12.00
# Visual Studio Version 16
VisualStudioVersion = 16.0.30011.22
MinimumVisualStudioVersion = 10.0.40219.1
Project("{9A19103F-16F7-4668-BE54-9A1E7A4F7556}") = "eye_streams", "eye_streams.csproj", "{D187AE99-A103-424B-9046-0E3C265B2786}"
EndProject
Global
	GlobalSection(SolutionConfigurationPlatforms) = preSolution
		Debug|Any CPU = Debug|Any CPU
		Release|Any CPU = Release|Any CPU
	EndGlobalSection
	GlobalSection(ProjectConfigurationPlatforms) = postSolution
		{D187AE99-A103-424B-9046-0E3C265B2786}.Debug|Any CPU.ActiveCfg = Debug|Any CPU
		{D187AE99-A103-424B-9046-0E3C265B2786}.Debug|Any CPU.Build.0 = Debug|Any CPU
		{D187AE99-A103-424B-9046-0E3C265B2786}.Release|Any CPU.ActiveCfg = Release|Any CPU
		{D187AE99-A103-424B-9046-0E3C265B2786}.Release|Any CPU.Build.0 = Release|Any CPU
	EndGlobalSection
	GlobalSection(SolutionProperties) = preSolution
		HideSolutionNode = FALSE
	EndGlobalSection
	GlobalSection(ExtensibilityGlobals) = postSolution
		SolutionGuid = {2A954F0A-74CB-425B-B608-1A5ED741A37C}
	EndGlobalSection
EndGlobal
